
Microsoft Visual Studio Solution File, Format Version 12.00
# Visual Studio Version 17
VisualStudioVersion = 17.8.34525.116
MinimumVisualStudioVersion = 10.0.40219.1
Project("{F184B08F-C81C-45F6-A57F-5ABD9991F28F}") = "Intro to  VB Document", "Intro to  VB Document\Intro to  VB Document.vbproj", "{1DBEC075-59A9-47EE-B4C2-05F749854CAD}"
EndProject
Global
	GlobalSection(SolutionConfigurationPlatforms) = preSolution
		Debug|Any CPU = Debug|Any CPU
		Release|Any CPU = Release|Any CPU
	EndGlobalSection
	GlobalSection(ProjectConfigurationPlatforms) = postSolution
		{1DBEC075-59A9-47EE-B4C2-05F749854CAD}.Debug|Any CPU.ActiveCfg = Debug|Any CPU
		{1DBEC075-59A9-47EE-B4C2-05F749854CAD}.Debug|Any CPU.Build.0 = Debug|Any CPU
		{1DBEC075-59A9-47EE-B4C2-05F749854CAD}.Release|Any CPU.ActiveCfg = Release|Any CPU
		{1DBEC075-59A9-47EE-B4C2-05F749854CAD}.Release|Any CPU.Build.0 = Release|Any CPU
	EndGlobalSection
	GlobalSection(SolutionProperties) = preSolution
		HideSolutionNode = FALSE
	EndGlobalSection
	GlobalSection(ExtensibilityGlobals) = postSolution
		SolutionGuid = {BCAFC2F6-A022-40F8-A15E-3905D4E5CCFD}
	EndGlobalSection
EndGlobal
